
Microsoft Visual Studio Solution File, Format Version 12.00
# Visual Studio 14
VisualStudioVersion = 14.0.25123.0
MinimumVisualStudioVersion = 10.0.40219.1
Project("{FAE04EC0-301F-11D3-BF4B-00C04F79EFBC}") = "SPP4", "SPP4\SPP4.csproj", "{F703C581-C0C6-488F-8B6D-CB3E44B820C4}"
EndProject
Project("{FAE04EC0-301F-11D3-BF4B-00C04F79EFBC}") = "AwesomeIgor", "AwesomeIgor\AwesomeIgor.csproj", "{A65B8B71-6CAF-47C1-91CE-D5C0E8062C9F}"
EndProject
Global
	GlobalSection(SolutionConfigurationPlatforms) = preSolution
		Debug|Any CPU = Debug|Any CPU
		Release|Any CPU = Release|Any CPU
	EndGlobalSection
	GlobalSection(ProjectConfigurationPlatforms) = postSolution
		{F703C581-C0C6-488F-8B6D-CB3E44B820C4}.Debug|Any CPU.ActiveCfg = Debug|Any CPU
		{F703C581-C0C6-488F-8B6D-CB3E44B820C4}.Debug|Any CPU.Build.0 = Debug|Any CPU
		{F703C581-C0C6-488F-8B6D-CB3E44B820C4}.Release|Any CPU.ActiveCfg = Release|Any CPU
		{F703C581-C0C6-488F-8B6D-CB3E44B820C4}.Release|Any CPU.Build.0 = Release|Any CPU
		{A65B8B71-6CAF-47C1-91CE-D5C0E8062C9F}.Debug|Any CPU.ActiveCfg = Debug|Any CPU
		{A65B8B71-6CAF-47C1-91CE-D5C0E8062C9F}.Debug|Any CPU.Build.0 = Debug|Any CPU
		{A65B8B71-6CAF-47C1-91CE-D5C0E8062C9F}.Release|Any CPU.ActiveCfg = Release|Any CPU
		{A65B8B71-6CAF-47C1-91CE-D5C0E8062C9F}.Release|Any CPU.Build.0 = Release|Any CPU
	EndGlobalSection
	GlobalSection(SolutionProperties) = preSolution
		HideSolutionNode = FALSE
	EndGlobalSection
EndGlobal
